
Microsoft Visual Studio Solution File, Format Version 12.00
# Visual Studio Version 17
VisualStudioVersion = 17.12.35514.174
MinimumVisualStudioVersion = 10.0.40219.1
Project("{FAE04EC0-301F-11D3-BF4B-00C04F79EFBC}") = "Gerdt_laba6_OOPP", "Gerdt_laba6_OOPP.csproj", "{93344740-72C3-4114-A76B-02E04C1E627E}"
	ProjectSection(ProjectDependencies) = postProject
		{FF631DA7-F4A8-43A2-A426-B788A11D6035} = {FF631DA7-F4A8-43A2-A426-B788A11D6035}
	EndProjectSection
EndProject
Project("{8BC9CEB8-8B4A-11D0-8D11-00A0C91BC942}") = "Gerdt_DLL_lab6", "..\Gerdt_DLL_lab6\Gerdt_DLL_lab6.vcxproj", "{FF631DA7-F4A8-43A2-A426-B788A11D6035}"
EndProject
Global
	GlobalSection(SolutionConfigurationPlatforms) = preSolution
		Debug|Any CPU = Debug|Any CPU
		Debug|x64 = Debug|x64
		Debug|x86 = Debug|x86
		Release|Any CPU = Release|Any CPU
		Release|x64 = Release|x64
		Release|x86 = Release|x86
	EndGlobalSection
	GlobalSection(ProjectConfigurationPlatforms) = postSolution
		{93344740-72C3-4114-A76B-02E04C1E627E}.Debug|Any CPU.ActiveCfg = Debug|Any CPU
		{93344740-72C3-4114-A76B-02E04C1E627E}.Debug|Any CPU.Build.0 = Debug|Any CPU
		{93344740-72C3-4114-A76B-02E04C1E627E}.Debug|x64.ActiveCfg = Debug|Any CPU
		{93344740-72C3-4114-A76B-02E04C1E627E}.Debug|x64.Build.0 = Debug|Any CPU
		{93344740-72C3-4114-A76B-02E04C1E627E}.Debug|x86.ActiveCfg = Debug|Any CPU
		{93344740-72C3-4114-A76B-02E04C1E627E}.Debug|x86.Build.0 = Debug|Any CPU
		{93344740-72C3-4114-A76B-02E04C1E627E}.Release|Any CPU.ActiveCfg = Release|Any CPU
		{93344740-72C3-4114-A76B-02E04C1E627E}.Release|Any CPU.Build.0 = Release|Any CPU
		{93344740-72C3-4114-A76B-02E04C1E627E}.Release|x64.ActiveCfg = Release|Any CPU
		{93344740-72C3-4114-A76B-02E04C1E627E}.Release|x64.Build.0 = Release|Any CPU
		{93344740-72C3-4114-A76B-02E04C1E627E}.Release|x86.ActiveCfg = Release|Any CPU
		{93344740-72C3-4114-A76B-02E04C1E627E}.Release|x86.Build.0 = Release|Any CPU
		{FF631DA7-F4A8-43A2-A426-B788A11D6035}.Debug|Any CPU.ActiveCfg = Debug|x64
		{FF631DA7-F4A8-43A2-A426-B788A11D6035}.Debug|Any CPU.Build.0 = Debug|x64
		{FF631DA7-F4A8-43A2-A426-B788A11D6035}.Debug|x64.ActiveCfg = Debug|x64
		{FF631DA7-F4A8-43A2-A426-B788A11D6035}.Debug|x64.Build.0 = Debug|x64
		{FF631DA7-F4A8-43A2-A426-B788A11D6035}.Debug|x86.ActiveCfg = Debug|Win32
		{FF631DA7-F4A8-43A2-A426-B788A11D6035}.Debug|x86.Build.0 = Debug|Win32
		{FF631DA7-F4A8-43A2-A426-B788A11D6035}.Release|Any CPU.ActiveCfg = Release|x64
		{FF631DA7-F4A8-43A2-A426-B788A11D6035}.Release|Any CPU.Build.0 = Release|x64
		{FF631DA7-F4A8-43A2-A426-B788A11D6035}.Release|x64.ActiveCfg = Release|x64
		{FF631DA7-F4A8-43A2-A426-B788A11D6035}.Release|x64.Build.0 = Release|x64
		{FF631DA7-F4A8-43A2-A426-B788A11D6035}.Release|x86.ActiveCfg = Release|Win32
		{FF631DA7-F4A8-43A2-A426-B788A11D6035}.Release|x86.Build.0 = Release|Win32
	EndGlobalSection
	GlobalSection(SolutionProperties) = preSolution
		HideSolutionNode = FALSE
	EndGlobalSection
EndGlobal
